<?xml version="1.0" encoding="utf-8"?>
<Project ToolsVersion="4.0" xmlns="http://schemas.microsoft.com/developer/msbuild/2003">
  <ItemGroup>
    <Filter Include="Fichiers sources">
      <UniqueIdentifier>{4FC737F1-C7A5-4376-A066-2A32D752A2FF}</UniqueIdentifier>
      <Extensions>cpp;c;cc;cxx;def;odl;idl;hpj;bat;asm;asmx</Extensions>
    </Filter>
    <Filter Include="Fichiers d%27en-tête">
      <UniqueIdentifier>{93995380-89BD-4b04-88EB-625FBE52EBFB}</UniqueIdentifier>
      <Extensions>h;hh;hpp;hxx;hm;inl;inc;ipp;xsd</Extensions>
    </Filter>
    <Filter Include="Fichiers de ressources">
      <UniqueIdentifier>{67DA6AB6-F800-4c08-8B7A-83BB121AAD01}</UniqueIdentifier>
      <Extensions>rc;ico;cur;bmp;dlg;rc2;rct;bin;rgs;gif;jpg;jpeg;jpe;resx;tiff;tif;png;wav;mfcribbon-ms</Extensions>
    </Filter>
    <Filter Include="Fichiers sources\render">
      <UniqueIdentifier>{40114332-c9ed-4e3d-bfe2-e85278196cd5}</UniqueIdentifier>
    </Filter>
    <Filter Include="shaders">
      <UniqueIdentifier>{a9ff7f60-9a9e-46f2-a1c2-035a578577ed}</UniqueIdentifier>
    </Filter>
    <Filter Include="shaders\SynthBase">
      <UniqueIdentifier>{0541a94a-db00-4464-8e07-04eeea68eeb6}</UniqueIdentifier>
    </Filter>
    <Filter Include="shaders\Blur">
      <UniqueIdentifier>{4e5c15f9-90cc-4ff6-a819-88a2a2e03074}</UniqueIdentifier>
    </Filter>
    <Filter Include="shaders\postprocess">
      <UniqueIdentifier>{7992344d-8298-42d6-a4c5-461df51f5ae1}</UniqueIdentifier>
    </Filter>
  </ItemGroup>
  <ItemGroup>
    <ClCompile Include="src\main.cpp">
      <Filter>Fichiers sources</Filter>
    </ClCompile>
    <ClCompile Include="..\src\engine\render\fbo.cpp">
      <Filter>Fichiers sources\render</Filter>
    </ClCompile>
    <ClCompile Include="..\src\engine\render\vbo.cpp">
      <Filter>Fichiers sources\render</Filter>
    </ClCompile>
    <ClCompile Include="src\engine_Synthwave.cpp">
      <Filter>Fichiers sources</Filter>
    </ClCompile>
  </ItemGroup>
  <ItemGroup>
    <ClInclude Include="src\engine_synthwave.h">
      <Filter>Fichiers d%27en-tête</Filter>
    </ClInclude>
    <ClInclude Include="src\Decor.h">
      <Filter>Fichiers d%27en-tête</Filter>
    </ClInclude>
  </ItemGroup>
  <ItemGroup>
    <None Include="run\shaders\SynthBase\vs.glsl">
      <Filter>shaders\SynthBase</Filter>
    </None>
    <None Include="run\shaders\SynthBase\fs.glsl">
      <Filter>shaders\SynthBase</Filter>
    </None>
    <None Include="run\shaders\SynthBase\gs.glsl">
      <Filter>shaders\SynthBase</Filter>
    </None>
    <None Include="run\shaders\Blur\fs.glsl">
      <Filter>shaders\Blur</Filter>
    </None>
    <None Include="run\shaders\Blur\vs.glsl">
      <Filter>shaders\Blur</Filter>
    </None>
    <None Include="run\shaders\postprocess\fs.glsl">
      <Filter>shaders\postprocess</Filter>
    </None>
    <None Include="run\shaders\postprocess\vs.glsl">
      <Filter>shaders\postprocess</Filter>
    </None>
  </ItemGroup>
</Project>